
Microsoft Visual Studio Solution File, Format Version 12.00
# Visual Studio Version 17
VisualStudioVersion = 17.8.34330.188
MinimumVisualStudioVersion = 10.0.40219.1
Project("{9A19103F-16F7-4668-BE54-9A1E7A4F7556}") = "DeviceInterfaceManager", "DeviceInterfaceManager\DeviceInterfaceManager.csproj", "{EE25864B-4A96-4817-94ED-CF9D08841609}"
EndProject
Global
	GlobalSection(SolutionConfigurationPlatforms) = preSolution
		Debug|Any CPU = Debug|Any CPU
		Release|Any CPU = Release|Any CPU
	EndGlobalSection
	GlobalSection(ProjectConfigurationPlatforms) = postSolution
		{EE25864B-4A96-4817-94ED-CF9D08841609}.Debug|Any CPU.ActiveCfg = Debug|Any CPU
		{EE25864B-4A96-4817-94ED-CF9D08841609}.Debug|Any CPU.Build.0 = Debug|Any CPU
		{EE25864B-4A96-4817-94ED-CF9D08841609}.Release|Any CPU.ActiveCfg = Release|Any CPU
		{EE25864B-4A96-4817-94ED-CF9D08841609}.Release|Any CPU.Build.0 = Release|Any CPU
	EndGlobalSection
	GlobalSection(SolutionProperties) = preSolution
		HideSolutionNode = FALSE
	EndGlobalSection
	GlobalSection(ExtensibilityGlobals) = postSolution
		SolutionGuid = {267B7E9F-A0D4-4EC1-BC19-1A5F35F4CD78}
	EndGlobalSection
EndGlobal
